
Microsoft Visual Studio Solution File, Format Version 12.00
# Visual Studio 15
VisualStudioVersion = 15.0.27428.2027
MinimumVisualStudioVersion = 10.0.40219.1
Project("{FAE04EC0-301F-11D3-BF4B-00C04F79EFBC}") = "WebAppPB01Lab1_AlexandreA", "WebAppPB01Lab1_AlexandreA\WebAppPB01Lab1_AlexandreA.csproj", "{B077EE43-421A-45B0-A181-9DFAB265455E}"
EndProject
Global
	GlobalSection(SolutionConfigurationPlatforms) = preSolution
		Debug|Any CPU = Debug|Any CPU
		Release|Any CPU = Release|Any CPU
	EndGlobalSection
	GlobalSection(ProjectConfigurationPlatforms) = postSolution
		{B077EE43-421A-45B0-A181-9DFAB265455E}.Debug|Any CPU.ActiveCfg = Debug|Any CPU
		{B077EE43-421A-45B0-A181-9DFAB265455E}.Debug|Any CPU.Build.0 = Debug|Any CPU
		{B077EE43-421A-45B0-A181-9DFAB265455E}.Release|Any CPU.ActiveCfg = Release|Any CPU
		{B077EE43-421A-45B0-A181-9DFAB265455E}.Release|Any CPU.Build.0 = Release|Any CPU
	EndGlobalSection
	GlobalSection(SolutionProperties) = preSolution
		HideSolutionNode = FALSE
	EndGlobalSection
	GlobalSection(ExtensibilityGlobals) = postSolution
		SolutionGuid = {55A3F52C-2F04-4C4B-93E6-6ADFE3B2B514}
	EndGlobalSection
EndGlobal
